
Microsoft Visual Studio Solution File, Format Version 12.00
# Visual Studio Version 17
VisualStudioVersion = 17.14.36811.4 d17.14
MinimumVisualStudioVersion = 10.0.40219.1
Project("{FAE04EC0-301F-11D3-BF4B-00C04F79EFBC}") = "Tk_v16", "Tk_v16\Tk_v16.csproj", "{633C5DAB-1730-494E-AE03-ECF7240B0E19}"
EndProject
Project("{FAE04EC0-301F-11D3-BF4B-00C04F79EFBC}") = "UnitTestProject1", "UnitTestProject1\UnitTestProject1.csproj", "{A72EE6F9-B334-46A6-9FF2-333D1FD5385D}"
EndProject
Global
	GlobalSection(SolutionConfigurationPlatforms) = preSolution
		Debug|Any CPU = Debug|Any CPU
		Release|Any CPU = Release|Any CPU
	EndGlobalSection
	GlobalSection(ProjectConfigurationPlatforms) = postSolution
		{633C5DAB-1730-494E-AE03-ECF7240B0E19}.Debug|Any CPU.ActiveCfg = Debug|Any CPU
		{633C5DAB-1730-494E-AE03-ECF7240B0E19}.Debug|Any CPU.Build.0 = Debug|Any CPU
		{633C5DAB-1730-494E-AE03-ECF7240B0E19}.Release|Any CPU.ActiveCfg = Release|Any CPU
		{633C5DAB-1730-494E-AE03-ECF7240B0E19}.Release|Any CPU.Build.0 = Release|Any CPU
		{A72EE6F9-B334-46A6-9FF2-333D1FD5385D}.Debug|Any CPU.ActiveCfg = Debug|Any CPU
		{A72EE6F9-B334-46A6-9FF2-333D1FD5385D}.Debug|Any CPU.Build.0 = Debug|Any CPU
		{A72EE6F9-B334-46A6-9FF2-333D1FD5385D}.Release|Any CPU.ActiveCfg = Release|Any CPU
		{A72EE6F9-B334-46A6-9FF2-333D1FD5385D}.Release|Any CPU.Build.0 = Release|Any CPU
	EndGlobalSection
	GlobalSection(SolutionProperties) = preSolution
		HideSolutionNode = FALSE
	EndGlobalSection
	GlobalSection(ExtensibilityGlobals) = postSolution
		SolutionGuid = {B4D3B853-2859-4EBC-8DE2-0FADC07492AE}
	EndGlobalSection
EndGlobal
